
Microsoft Visual Studio Solution File, Format Version 12.00
# Visual Studio Version 17
VisualStudioVersion = 17.3.32922.545
MinimumVisualStudioVersion = 10.0.40219.1
Project("{FAE04EC0-301F-11D3-BF4B-00C04F79EFBC}") = "helloWorld", "helloWorld.csproj", "{52F59707-9A2D-4919-8A75-E1C74D5912E1}"
EndProject
Global
	GlobalSection(SolutionConfigurationPlatforms) = preSolution
		Debug|Any CPU = Debug|Any CPU
		Release|Any CPU = Release|Any CPU
	EndGlobalSection
	GlobalSection(ProjectConfigurationPlatforms) = postSolution
		{52F59707-9A2D-4919-8A75-E1C74D5912E1}.Debug|Any CPU.ActiveCfg = Debug|Any CPU
		{52F59707-9A2D-4919-8A75-E1C74D5912E1}.Debug|Any CPU.Build.0 = Debug|Any CPU
		{52F59707-9A2D-4919-8A75-E1C74D5912E1}.Release|Any CPU.ActiveCfg = Release|Any CPU
		{52F59707-9A2D-4919-8A75-E1C74D5912E1}.Release|Any CPU.Build.0 = Release|Any CPU
	EndGlobalSection
	GlobalSection(SolutionProperties) = preSolution
		HideSolutionNode = FALSE
	EndGlobalSection
	GlobalSection(ExtensibilityGlobals) = postSolution
		SolutionGuid = {5F20598D-59E3-4C8E-9F0F-0479030D30D3}
	EndGlobalSection
EndGlobal
