
Microsoft Visual Studio Solution File, Format Version 12.00
# Visual Studio Version 17
VisualStudioVersion = 17.4.33122.133
MinimumVisualStudioVersion = 10.0.40219.1
Project("{FAE04EC0-301F-11D3-BF4B-00C04F79EFBC}") = "fourSistersAndTheDuckbear", "fourSistersAndTheDuckbear.csproj", "{DFBAB49E-5843-4AE5-8D6E-8711B347F58E}"
EndProject
Global
	GlobalSection(SolutionConfigurationPlatforms) = preSolution
		Debug|Any CPU = Debug|Any CPU
		Release|Any CPU = Release|Any CPU
	EndGlobalSection
	GlobalSection(ProjectConfigurationPlatforms) = postSolution
		{DFBAB49E-5843-4AE5-8D6E-8711B347F58E}.Debug|Any CPU.ActiveCfg = Debug|Any CPU
		{DFBAB49E-5843-4AE5-8D6E-8711B347F58E}.Debug|Any CPU.Build.0 = Debug|Any CPU
		{DFBAB49E-5843-4AE5-8D6E-8711B347F58E}.Release|Any CPU.ActiveCfg = Release|Any CPU
		{DFBAB49E-5843-4AE5-8D6E-8711B347F58E}.Release|Any CPU.Build.0 = Release|Any CPU
	EndGlobalSection
	GlobalSection(SolutionProperties) = preSolution
		HideSolutionNode = FALSE
	EndGlobalSection
	GlobalSection(ExtensibilityGlobals) = postSolution
		SolutionGuid = {29D57A99-8257-404B-98D3-B37D1FDEC1B0}
	EndGlobalSection
EndGlobal
