
Microsoft Visual Studio Solution File, Format Version 12.00
# Visual Studio Version 17
VisualStudioVersion = 17.3.32922.545
MinimumVisualStudioVersion = 10.0.40219.1
Project("{FAE04EC0-301F-11D3-BF4B-00C04F79EFBC}") = "theMakingsOfAProgrammer", "theMakingsOfAProgrammer.csproj", "{585AAEFC-6E6C-4483-8996-7A5BF1236A7B}"
EndProject
Global
	GlobalSection(SolutionConfigurationPlatforms) = preSolution
		Debug|Any CPU = Debug|Any CPU
		Release|Any CPU = Release|Any CPU
	EndGlobalSection
	GlobalSection(ProjectConfigurationPlatforms) = postSolution
		{585AAEFC-6E6C-4483-8996-7A5BF1236A7B}.Debug|Any CPU.ActiveCfg = Debug|Any CPU
		{585AAEFC-6E6C-4483-8996-7A5BF1236A7B}.Debug|Any CPU.Build.0 = Debug|Any CPU
		{585AAEFC-6E6C-4483-8996-7A5BF1236A7B}.Release|Any CPU.ActiveCfg = Release|Any CPU
		{585AAEFC-6E6C-4483-8996-7A5BF1236A7B}.Release|Any CPU.Build.0 = Release|Any CPU
	EndGlobalSection
	GlobalSection(SolutionProperties) = preSolution
		HideSolutionNode = FALSE
	EndGlobalSection
	GlobalSection(ExtensibilityGlobals) = postSolution
		SolutionGuid = {E71451F4-DFC6-4F9C-9CAA-EB0603E59BE1}
	EndGlobalSection
EndGlobal
