
Microsoft Visual Studio Solution File, Format Version 12.00
# Visual Studio Version 17
VisualStudioVersion = 17.3.32922.545
MinimumVisualStudioVersion = 10.0.40219.1
Project("{FAE04EC0-301F-11D3-BF4B-00C04F79EFBC}") = "theThingNamer3000", "theThingNamer3000.csproj", "{99032464-9C37-47BC-AA90-300B61328370}"
EndProject
Global
	GlobalSection(SolutionConfigurationPlatforms) = preSolution
		Debug|Any CPU = Debug|Any CPU
		Release|Any CPU = Release|Any CPU
	EndGlobalSection
	GlobalSection(ProjectConfigurationPlatforms) = postSolution
		{99032464-9C37-47BC-AA90-300B61328370}.Debug|Any CPU.ActiveCfg = Debug|Any CPU
		{99032464-9C37-47BC-AA90-300B61328370}.Debug|Any CPU.Build.0 = Debug|Any CPU
		{99032464-9C37-47BC-AA90-300B61328370}.Release|Any CPU.ActiveCfg = Release|Any CPU
		{99032464-9C37-47BC-AA90-300B61328370}.Release|Any CPU.Build.0 = Release|Any CPU
	EndGlobalSection
	GlobalSection(SolutionProperties) = preSolution
		HideSolutionNode = FALSE
	EndGlobalSection
	GlobalSection(ExtensibilityGlobals) = postSolution
		SolutionGuid = {34F9ED7A-8114-4240-8E2B-33BFD059211F}
	EndGlobalSection
EndGlobal
