
Microsoft Visual Studio Solution File, Format Version 12.00
# Visual Studio Version 17
VisualStudioVersion = 17.3.32922.545
MinimumVisualStudioVersion = 10.0.40219.1
Project("{FAE04EC0-301F-11D3-BF4B-00C04F79EFBC}") = "ConsolasAndTelim", "ConsolasAndTelim.csproj", "{CB1302C6-AE87-4880-8C1C-37346712C476}"
EndProject
Global
	GlobalSection(SolutionConfigurationPlatforms) = preSolution
		Debug|Any CPU = Debug|Any CPU
		Release|Any CPU = Release|Any CPU
	EndGlobalSection
	GlobalSection(ProjectConfigurationPlatforms) = postSolution
		{CB1302C6-AE87-4880-8C1C-37346712C476}.Debug|Any CPU.ActiveCfg = Debug|Any CPU
		{CB1302C6-AE87-4880-8C1C-37346712C476}.Debug|Any CPU.Build.0 = Debug|Any CPU
		{CB1302C6-AE87-4880-8C1C-37346712C476}.Release|Any CPU.ActiveCfg = Release|Any CPU
		{CB1302C6-AE87-4880-8C1C-37346712C476}.Release|Any CPU.Build.0 = Release|Any CPU
	EndGlobalSection
	GlobalSection(SolutionProperties) = preSolution
		HideSolutionNode = FALSE
	EndGlobalSection
	GlobalSection(ExtensibilityGlobals) = postSolution
		SolutionGuid = {0F3B8299-2DE5-4EE9-BBA0-CA8A5695DC17}
	EndGlobalSection
EndGlobal
